
Microsoft Visual Studio Solution File, Format Version 12.00
# Visual Studio Version 17
VisualStudioVersion = 17.13.35931.197 d17.13
MinimumVisualStudioVersion = 10.0.40219.1
Project("{FAE04EC0-301F-11D3-BF4B-00C04F79EFBC}") = "GM4ManagerWPF", "GM4ManagerWPF.csproj", "{BA54A127-67F2-4365-96E7-39EB96445257}"
EndProject
Global
	GlobalSection(SolutionConfigurationPlatforms) = preSolution
		Debug|Any CPU = Debug|Any CPU
		Release|Any CPU = Release|Any CPU
	EndGlobalSection
	GlobalSection(ProjectConfigurationPlatforms) = postSolution
		{BA54A127-67F2-4365-96E7-39EB96445257}.Debug|Any CPU.ActiveCfg = Debug|Any CPU
		{BA54A127-67F2-4365-96E7-39EB96445257}.Debug|Any CPU.Build.0 = Debug|Any CPU
		{BA54A127-67F2-4365-96E7-39EB96445257}.Release|Any CPU.ActiveCfg = Release|Any CPU
		{BA54A127-67F2-4365-96E7-39EB96445257}.Release|Any CPU.Build.0 = Release|Any CPU
	EndGlobalSection
	GlobalSection(SolutionProperties) = preSolution
		HideSolutionNode = FALSE
	EndGlobalSection
	GlobalSection(ExtensibilityGlobals) = postSolution
		SolutionGuid = {F8540871-C8B4-44AB-95FC-4AC3B49D0012}
	EndGlobalSection
EndGlobal
